
Microsoft Visual Studio Solution File, Format Version 12.00
# Visual Studio Version 17
VisualStudioVersion = 17.9.34616.47
MinimumVisualStudioVersion = 10.0.40219.1
Project("{F184B08F-C81C-45F6-A57F-5ABD9991F28F}") = "VB-FEST", "VB-FEST\VB-FEST.vbproj", "{17FF18A6-4171-4576-9CD4-A9FE2534DEE3}"
EndProject
Project("{778DAE3C-4631-46EA-AA77-85C1314464D9}") = "ADO", "ADO\ADO.vbproj", "{9672D8AD-12CB-4FB2-91BD-D48E8F7D5D94}"
EndProject
Project("{F184B08F-C81C-45F6-A57F-5ABD9991F28F}") = "CMT301_2020", "WindowsFormLearn\CMT301_2020.vbproj", "{ADF5418F-E3FB-40BF-A17A-F31AA045A788}"
EndProject
Project("{778DAE3C-4631-46EA-AA77-85C1314464D9}") = "Questions", "Questions\Questions.vbproj", "{F364B71E-ED5B-4DC6-B542-12B4E51C2E5B}"
EndProject
Project("{778DAE3C-4631-46EA-AA77-85C1314464D9}") = "590310644-Solved-VB-NET-Lab-List", "590310644-Solved-VB-NET-Lab-List\590310644-Solved-VB-NET-Lab-List.vbproj", "{0BFA96F7-0382-47D4-8416-768C6A899B9F}"
EndProject
Project("{778DAE3C-4631-46EA-AA77-85C1314464D9}") = "587873758-vb-practical-exam-questions", "587873758-vb-practical-exam-questions\587873758-vb-practical-exam-questions.vbproj", "{37A2BC65-647C-47FD-A668-672E50E6F30A}"
EndProject
Project("{778DAE3C-4631-46EA-AA77-85C1314464D9}") = "571923034-YugalVB", "571923034-YugalVB\571923034-YugalVB.vbproj", "{096A2043-2CD1-4B36-93E3-F87A4CED1A05}"
EndProject
Project("{778DAE3C-4631-46EA-AA77-85C1314464D9}") = "428082963-Dotnet-File-LATEST", "428082963-Dotnet-File-LATEST\428082963-Dotnet-File-LATEST.vbproj", "{B923DEFD-061A-45D4-9E6F-126BA91CBCEE}"
EndProject
Project("{F184B08F-C81C-45F6-A57F-5ABD9991F28F}") = "OOP", "OOP\OOP.vbproj", "{109F6580-A789-4676-A1C1-C8A96F8F0ED4}"
EndProject
Global
	GlobalSection(SolutionConfigurationPlatforms) = preSolution
		Debug|Any CPU = Debug|Any CPU
		Release|Any CPU = Release|Any CPU
	EndGlobalSection
	GlobalSection(ProjectConfigurationPlatforms) = postSolution
		{17FF18A6-4171-4576-9CD4-A9FE2534DEE3}.Debug|Any CPU.ActiveCfg = Debug|Any CPU
		{17FF18A6-4171-4576-9CD4-A9FE2534DEE3}.Debug|Any CPU.Build.0 = Debug|Any CPU
		{17FF18A6-4171-4576-9CD4-A9FE2534DEE3}.Release|Any CPU.ActiveCfg = Release|Any CPU
		{17FF18A6-4171-4576-9CD4-A9FE2534DEE3}.Release|Any CPU.Build.0 = Release|Any CPU
		{9672D8AD-12CB-4FB2-91BD-D48E8F7D5D94}.Debug|Any CPU.ActiveCfg = Debug|Any CPU
		{9672D8AD-12CB-4FB2-91BD-D48E8F7D5D94}.Debug|Any CPU.Build.0 = Debug|Any CPU
		{9672D8AD-12CB-4FB2-91BD-D48E8F7D5D94}.Release|Any CPU.ActiveCfg = Release|Any CPU
		{9672D8AD-12CB-4FB2-91BD-D48E8F7D5D94}.Release|Any CPU.Build.0 = Release|Any CPU
		{ADF5418F-E3FB-40BF-A17A-F31AA045A788}.Debug|Any CPU.ActiveCfg = Debug|Any CPU
		{ADF5418F-E3FB-40BF-A17A-F31AA045A788}.Debug|Any CPU.Build.0 = Debug|Any CPU
		{ADF5418F-E3FB-40BF-A17A-F31AA045A788}.Release|Any CPU.ActiveCfg = Release|Any CPU
		{ADF5418F-E3FB-40BF-A17A-F31AA045A788}.Release|Any CPU.Build.0 = Release|Any CPU
		{F364B71E-ED5B-4DC6-B542-12B4E51C2E5B}.Debug|Any CPU.ActiveCfg = Debug|Any CPU
		{F364B71E-ED5B-4DC6-B542-12B4E51C2E5B}.Debug|Any CPU.Build.0 = Debug|Any CPU
		{F364B71E-ED5B-4DC6-B542-12B4E51C2E5B}.Release|Any CPU.ActiveCfg = Release|Any CPU
		{F364B71E-ED5B-4DC6-B542-12B4E51C2E5B}.Release|Any CPU.Build.0 = Release|Any CPU
		{0BFA96F7-0382-47D4-8416-768C6A899B9F}.Debug|Any CPU.ActiveCfg = Debug|Any CPU
		{0BFA96F7-0382-47D4-8416-768C6A899B9F}.Debug|Any CPU.Build.0 = Debug|Any CPU
		{0BFA96F7-0382-47D4-8416-768C6A899B9F}.Release|Any CPU.ActiveCfg = Release|Any CPU
		{0BFA96F7-0382-47D4-8416-768C6A899B9F}.Release|Any CPU.Build.0 = Release|Any CPU
		{37A2BC65-647C-47FD-A668-672E50E6F30A}.Debug|Any CPU.ActiveCfg = Debug|Any CPU
		{37A2BC65-647C-47FD-A668-672E50E6F30A}.Debug|Any CPU.Build.0 = Debug|Any CPU
		{37A2BC65-647C-47FD-A668-672E50E6F30A}.Release|Any CPU.ActiveCfg = Release|Any CPU
		{37A2BC65-647C-47FD-A668-672E50E6F30A}.Release|Any CPU.Build.0 = Release|Any CPU
		{096A2043-2CD1-4B36-93E3-F87A4CED1A05}.Debug|Any CPU.ActiveCfg = Debug|Any CPU
		{096A2043-2CD1-4B36-93E3-F87A4CED1A05}.Debug|Any CPU.Build.0 = Debug|Any CPU
		{096A2043-2CD1-4B36-93E3-F87A4CED1A05}.Release|Any CPU.ActiveCfg = Release|Any CPU
		{096A2043-2CD1-4B36-93E3-F87A4CED1A05}.Release|Any CPU.Build.0 = Release|Any CPU
		{B923DEFD-061A-45D4-9E6F-126BA91CBCEE}.Debug|Any CPU.ActiveCfg = Debug|Any CPU
		{B923DEFD-061A-45D4-9E6F-126BA91CBCEE}.Debug|Any CPU.Build.0 = Debug|Any CPU
		{B923DEFD-061A-45D4-9E6F-126BA91CBCEE}.Release|Any CPU.ActiveCfg = Release|Any CPU
		{B923DEFD-061A-45D4-9E6F-126BA91CBCEE}.Release|Any CPU.Build.0 = Release|Any CPU
		{109F6580-A789-4676-A1C1-C8A96F8F0ED4}.Debug|Any CPU.ActiveCfg = Debug|Any CPU
		{109F6580-A789-4676-A1C1-C8A96F8F0ED4}.Debug|Any CPU.Build.0 = Debug|Any CPU
		{109F6580-A789-4676-A1C1-C8A96F8F0ED4}.Release|Any CPU.ActiveCfg = Release|Any CPU
		{109F6580-A789-4676-A1C1-C8A96F8F0ED4}.Release|Any CPU.Build.0 = Release|Any CPU
	EndGlobalSection
	GlobalSection(SolutionProperties) = preSolution
		HideSolutionNode = FALSE
	EndGlobalSection
	GlobalSection(ExtensibilityGlobals) = postSolution
		SolutionGuid = {172D5A7C-A687-40E0-8399-EABA5CBBA5F7}
	EndGlobalSection
EndGlobal
