
Microsoft Visual Studio Solution File, Format Version 12.00
# Visual Studio Version 17
VisualStudioVersion = 17.9.34616.47
MinimumVisualStudioVersion = 10.0.40219.1
Project("{F184B08F-C81C-45F6-A57F-5ABD9991F28F}") = "CMT301_2020", "WindowsFormLearn\CMT301_2020.vbproj", "{ADF5418F-E3FB-40BF-A17A-F31AA045A788}"
EndProject
Global
	GlobalSection(SolutionConfigurationPlatforms) = preSolution
		Debug|Any CPU = Debug|Any CPU
		Release|Any CPU = Release|Any CPU
	EndGlobalSection
	GlobalSection(ProjectConfigurationPlatforms) = postSolution
		{ADF5418F-E3FB-40BF-A17A-F31AA045A788}.Debug|Any CPU.ActiveCfg = Debug|Any CPU
		{ADF5418F-E3FB-40BF-A17A-F31AA045A788}.Debug|Any CPU.Build.0 = Debug|Any CPU
		{ADF5418F-E3FB-40BF-A17A-F31AA045A788}.Release|Any CPU.ActiveCfg = Release|Any CPU
		{ADF5418F-E3FB-40BF-A17A-F31AA045A788}.Release|Any CPU.Build.0 = Release|Any CPU
	EndGlobalSection
	GlobalSection(SolutionProperties) = preSolution
		HideSolutionNode = FALSE
	EndGlobalSection
	GlobalSection(ExtensibilityGlobals) = postSolution
		SolutionGuid = {2707A1BD-913A-47D9-80E1-AFB90B124CBB}
	EndGlobalSection
EndGlobal
